
Microsoft Visual Studio Solution File, Format Version 12.00
# Visual Studio Version 16
VisualStudioVersion = 16.0.30114.105
MinimumVisualStudioVersion = 10.0.40219.1
Project("{FAE04EC0-301F-11D3-BF4B-00C04F79EFBC}") = "QuestPatcher.QMod", "QuestPatcher.QMod\QuestPatcher.QMod.csproj", "{23F69A80-AD3F-4906-A8B6-C2480C979702}"
EndProject
Project("{FAE04EC0-301F-11D3-BF4B-00C04F79EFBC}") = "QuestPatcher.QMod.Tests", "QuestPatcher.QMod.Tests\QuestPatcher.QMod.Tests.csproj", "{8A534A83-EB2B-4F26-A228-6659578D80F7}"
EndProject
Global
	GlobalSection(SolutionConfigurationPlatforms) = preSolution
		Debug|Any CPU = Debug|Any CPU
		Release|Any CPU = Release|Any CPU
	EndGlobalSection
	GlobalSection(SolutionProperties) = preSolution
		HideSolutionNode = FALSE
	EndGlobalSection
	GlobalSection(ProjectConfigurationPlatforms) = postSolution
		{23F69A80-AD3F-4906-A8B6-C2480C979702}.Debug|Any CPU.ActiveCfg = Debug|Any CPU
		{23F69A80-AD3F-4906-A8B6-C2480C979702}.Debug|Any CPU.Build.0 = Debug|Any CPU
		{23F69A80-AD3F-4906-A8B6-C2480C979702}.Release|Any CPU.ActiveCfg = Release|Any CPU
		{23F69A80-AD3F-4906-A8B6-C2480C979702}.Release|Any CPU.Build.0 = Release|Any CPU
		{8A534A83-EB2B-4F26-A228-6659578D80F7}.Debug|Any CPU.ActiveCfg = Debug|Any CPU
		{8A534A83-EB2B-4F26-A228-6659578D80F7}.Debug|Any CPU.Build.0 = Debug|Any CPU
		{8A534A83-EB2B-4F26-A228-6659578D80F7}.Release|Any CPU.ActiveCfg = Release|Any CPU
		{8A534A83-EB2B-4F26-A228-6659578D80F7}.Release|Any CPU.Build.0 = Release|Any CPU
	EndGlobalSection
EndGlobal
